
Microsoft Visual Studio Solution File, Format Version 12.00
# Visual Studio 15
VisualStudioVersion = 15.0.26730.15
MinimumVisualStudioVersion = 10.0.40219.1
Project("{FAE04EC0-301F-11D3-BF4B-00C04F79EFBC}") = "ErrorLogging.Web", "ErrorLogging\ErrorLogging.Web.csproj", "{8ADFAB74-E391-444C-B733-AC7BFD108D8B}"
EndProject
Project("{FAE04EC0-301F-11D3-BF4B-00C04F79EFBC}") = "ErrorLogging.Common", "ErrorLogging.Common\ErrorLogging.Common.csproj", "{DAED6093-F03C-4092-8ED3-282B08F9C333}"
EndProject
Global
	GlobalSection(SolutionConfigurationPlatforms) = preSolution
		Debug|Any CPU = Debug|Any CPU
		Release|Any CPU = Release|Any CPU
	EndGlobalSection
	GlobalSection(ProjectConfigurationPlatforms) = postSolution
		{8ADFAB74-E391-444C-B733-AC7BFD108D8B}.Debug|Any CPU.ActiveCfg = Debug|Any CPU
		{8ADFAB74-E391-444C-B733-AC7BFD108D8B}.Debug|Any CPU.Build.0 = Debug|Any CPU
		{8ADFAB74-E391-444C-B733-AC7BFD108D8B}.Release|Any CPU.ActiveCfg = Release|Any CPU
		{8ADFAB74-E391-444C-B733-AC7BFD108D8B}.Release|Any CPU.Build.0 = Release|Any CPU
		{DAED6093-F03C-4092-8ED3-282B08F9C333}.Debug|Any CPU.ActiveCfg = Debug|Any CPU
		{DAED6093-F03C-4092-8ED3-282B08F9C333}.Debug|Any CPU.Build.0 = Debug|Any CPU
		{DAED6093-F03C-4092-8ED3-282B08F9C333}.Release|Any CPU.ActiveCfg = Release|Any CPU
		{DAED6093-F03C-4092-8ED3-282B08F9C333}.Release|Any CPU.Build.0 = Release|Any CPU
	EndGlobalSection
	GlobalSection(SolutionProperties) = preSolution
		HideSolutionNode = FALSE
	EndGlobalSection
	GlobalSection(ExtensibilityGlobals) = postSolution
		SolutionGuid = {A1DB9F23-3372-4AEC-9A69-514F9610E3C6}
	EndGlobalSection
EndGlobal
